// !$*UTF8*$!
{
	archiveVersion = 1;
	classes = {
	};
	objectVersion = 46;
	objects = {

/* Begin PBXBuildFile section */
		1D3623260D0F684500981E51 /* MagTekDemoAppDelegate.m in Sources */ = {isa = PBXBuildFile; fileRef = 1D3623250D0F684500981E51 /* MagTekDemoAppDelegate.m */; };
		1D60589B0D05DD56006BFB54 /* main.m in Sources */ = {isa = PBXBuildFile; fileRef = 29B97316FDCFA39411CA2CEA /* main.m */; };
		1D60589F0D05DD5A006BFB54 /* Foundation.framework in Frameworks */ = {isa = PBXBuildFile; fileRef = 1D30AB110D05D00D00671497 /* Foundation.framework */; };
		1DF5F4E00D08C38300B7A737 /* UIKit.framework in Frameworks */ = {isa = PBXBuildFile; fileRef = 1DF5F4DF0D08C38300B7A737 /* UIKit.framework */; };
		288765A50DF7441C002DB57D /* CoreGraphics.framework in Frameworks */ = {isa = PBXBuildFile; fileRef = 288765A40DF7441C002DB57D /* CoreGraphics.framework */; };
		2899E5220DE3E06400AC0155 /* MagTekDemoViewController.xib in Resources */ = {isa = PBXBuildFile; fileRef = 2899E5210DE3E06400AC0155 /* MagTekDemoViewController.xib */; };
		28AD733F0D9D9553002E5188 /* MainWindow.xib in Resources */ = {isa = PBXBuildFile; fileRef = 28AD733E0D9D9553002E5188 /* MainWindow.xib */; };
		28D7ACF80DDB3853001CB0EB /* MagTekDemoViewController.m in Sources */ = {isa = PBXBuildFile; fileRef = 28D7ACF70DDB3853001CB0EB /* MagTekDemoViewController.m */; };
		C342B47718B7CDEE002EBACE /* libMTSCRA.a in Frameworks */ = {isa = PBXBuildFile; fileRef = C342B47618B7CDEE002EBACE /* libMTSCRA.a */; };
		C342B47918B7CDF7002EBACE /* libMTSCRA.a in Frameworks */ = {isa = PBXBuildFile; fileRef = C342B47818B7CDF7002EBACE /* libMTSCRA.a */; };
		C3540FA31919A0DF005DA151 /* Default-568h@2x.png in Resources */ = {isa = PBXBuildFile; fileRef = C3540FA21919A0DF005DA151 /* Default-568h@2x.png */; };
		C3540FA51919A2C1005DA151 /* AVFoundation.framework in Frameworks */ = {isa = PBXBuildFile; fileRef = C3540FA41919A2C1005DA151 /* AVFoundation.framework */; };
		C916E14613B4F4A100D9358D /* AudioToolbox.framework in Frameworks */ = {isa = PBXBuildFile; fileRef = C955FBAB13B3FBBA00A0681F /* AudioToolbox.framework */; };
		C934076A117F8F670082C270 /* ExternalAccessory.framework in Frameworks */ = {isa = PBXBuildFile; fileRef = C9340769117F8F670082C270 /* ExternalAccessory.framework */; };
		C9340774117F8FC00082C270 /* Default.png in Resources */ = {isa = PBXBuildFile; fileRef = C9340771117F8FC00082C270 /* Default.png */; };
		C9340775117F8FC00082C270 /* icon.png in Resources */ = {isa = PBXBuildFile; fileRef = C9340772117F8FC00082C270 /* icon.png */; };
		C9340776117F8FC00082C270 /* Magtek2.png in Resources */ = {isa = PBXBuildFile; fileRef = C9340773117F8FC00082C270 /* Magtek2.png */; };
		C9BF7F961652CF410090FBD8 /* MediaPlayer.framework in Frameworks */ = {isa = PBXBuildFile; fileRef = C9BF7F941652CCF80090FBD8 /* MediaPlayer.framework */; };
		D715624315BE74C5004FE77B /* libstdc++.dylib in Frameworks */ = {isa = PBXBuildFile; fileRef = D715624115BE74A3004FE77B /* libstdc++.dylib */; };
		D7938B00125407C3002EED4A /* Entitlements.plist in Resources */ = {isa = PBXBuildFile; fileRef = D7938AED125406F1002EED4A /* Entitlements.plist */; };
/* End PBXBuildFile section */

/* Begin PBXFileReference section */
		1D30AB110D05D00D00671497 /* Foundation.framework */ = {isa = PBXFileReference; lastKnownFileType = wrapper.framework; name = Foundation.framework; path = System/Library/Frameworks/Foundation.framework; sourceTree = SDKROOT; };
		1D3623250D0F684500981E51 /* MagTekDemoAppDelegate.m */ = {isa = PBXFileReference; fileEncoding = 4; lastKnownFileType = sourcecode.c.objc; path = MagTekDemoAppDelegate.m; sourceTree = "<group>"; };
		1D6058910D05DD3D006BFB54 /* MTDemo.SCRA.app */ = {isa = PBXFileReference; explicitFileType = wrapper.application; includeInIndex = 0; path = MTDemo.SCRA.app; sourceTree = BUILT_PRODUCTS_DIR; };
		1DF5F4DF0D08C38300B7A737 /* UIKit.framework */ = {isa = PBXFileReference; lastKnownFileType = wrapper.framework; name = UIKit.framework; path = System/Library/Frameworks/UIKit.framework; sourceTree = SDKROOT; };
		288765A40DF7441C002DB57D /* CoreGraphics.framework */ = {isa = PBXFileReference; lastKnownFileType = wrapper.framework; name = CoreGraphics.framework; path = System/Library/Frameworks/CoreGraphics.framework; sourceTree = SDKROOT; };
		2899E5210DE3E06400AC0155 /* MagTekDemoViewController.xib */ = {isa = PBXFileReference; lastKnownFileType = file.xib; path = MagTekDemoViewController.xib; sourceTree = "<group>"; };
		28AD733E0D9D9553002E5188 /* MainWindow.xib */ = {isa = PBXFileReference; lastKnownFileType = file.xib; path = MainWindow.xib; sourceTree = "<group>"; };
		28D7ACF60DDB3853001CB0EB /* MagTekDemoViewController.h */ = {isa = PBXFileReference; fileEncoding = 4; lastKnownFileType = sourcecode.c.h; path = MagTekDemoViewController.h; sourceTree = "<group>"; };
		28D7ACF70DDB3853001CB0EB /* MagTekDemoViewController.m */ = {isa = PBXFileReference; fileEncoding = 4; lastKnownFileType = sourcecode.c.objc; path = MagTekDemoViewController.m; sourceTree = "<group>"; };
		29B97316FDCFA39411CA2CEA /* main.m */ = {isa = PBXFileReference; fileEncoding = 4; lastKnownFileType = sourcecode.c.objc; path = main.m; sourceTree = "<group>"; };
		32CA4F630368D1EE00C91783 /* MagTekDemo_Prefix.pch */ = {isa = PBXFileReference; fileEncoding = 4; lastKnownFileType = sourcecode.c.h; path = MagTekDemo_Prefix.pch; sourceTree = "<group>"; };
		8D1107310486CEB800E47090 /* MagTekDemo-Info.plist */ = {isa = PBXFileReference; fileEncoding = 4; lastKnownFileType = text.plist.xml; path = "MagTekDemo-Info.plist"; plistStructureDefinitionIdentifier = "com.apple.xcode.plist.structure-definition.iphone.info-plist"; sourceTree = "<group>"; };
		C342B47618B7CDEE002EBACE /* libMTSCRA.a */ = {isa = PBXFileReference; lastKnownFileType = archive.ar; path = libMTSCRA.a; sourceTree = "<group>"; };
		C342B47818B7CDF7002EBACE /* libMTSCRA.a */ = {isa = PBXFileReference; lastKnownFileType = archive.ar; path = libMTSCRA.a; sourceTree = "<group>"; };
		C3540FA21919A0DF005DA151 /* Default-568h@2x.png */ = {isa = PBXFileReference; lastKnownFileType = image.png; path = "Default-568h@2x.png"; sourceTree = "<group>"; };
		C3540FA41919A2C1005DA151 /* AVFoundation.framework */ = {isa = PBXFileReference; lastKnownFileType = wrapper.framework; name = AVFoundation.framework; path = System/Library/Frameworks/AVFoundation.framework; sourceTree = SDKROOT; };
		C9340769117F8F670082C270 /* ExternalAccessory.framework */ = {isa = PBXFileReference; lastKnownFileType = wrapper.framework; name = ExternalAccessory.framework; path = System/Library/Frameworks/ExternalAccessory.framework; sourceTree = SDKROOT; };
		C9340771117F8FC00082C270 /* Default.png */ = {isa = PBXFileReference; lastKnownFileType = image.png; name = Default.png; path = Images/Default.png; sourceTree = "<group>"; };
		C9340772117F8FC00082C270 /* icon.png */ = {isa = PBXFileReference; lastKnownFileType = image.png; name = icon.png; path = Images/icon.png; sourceTree = "<group>"; };
		C9340773117F8FC00082C270 /* Magtek2.png */ = {isa = PBXFileReference; lastKnownFileType = image.png; name = Magtek2.png; path = Images/Magtek2.png; sourceTree = "<group>"; };
		C955FBAB13B3FBBA00A0681F /* AudioToolbox.framework */ = {isa = PBXFileReference; lastKnownFileType = wrapper.framework; name = AudioToolbox.framework; path = System/Library/Frameworks/AudioToolbox.framework; sourceTree = SDKROOT; };
		C955FBBD13B4012500A0681F /* en */ = {isa = PBXFileReference; lastKnownFileType = sourcecode.c.h; name = en; path = en.lproj/MagTekDemoAppDelegate.h; sourceTree = "<group>"; };
		C9BF7F941652CCF80090FBD8 /* MediaPlayer.framework */ = {isa = PBXFileReference; lastKnownFileType = wrapper.framework; name = MediaPlayer.framework; path = System/Library/Frameworks/MediaPlayer.framework; sourceTree = SDKROOT; };
		D715624115BE74A3004FE77B /* libstdc++.dylib */ = {isa = PBXFileReference; lastKnownFileType = "compiled.mach-o.dylib"; name = "libstdc++.dylib"; path = "usr/lib/libstdc++.dylib"; sourceTree = SDKROOT; };
		D7938AED125406F1002EED4A /* Entitlements.plist */ = {isa = PBXFileReference; fileEncoding = 4; lastKnownFileType = text.plist.xml; path = Entitlements.plist; sourceTree = "<group>"; };
		D7D53CC114D9CA170037B0B0 /* MTSCRA.h */ = {isa = PBXFileReference; fileEncoding = 4; lastKnownFileType = sourcecode.c.h; path = MTSCRA.h; sourceTree = "<group>"; };
/* End PBXFileReference section */

/* Begin PBXFrameworksBuildPhase section */
		1D60588F0D05DD3D006BFB54 /* Frameworks */ = {
			isa = PBXFrameworksBuildPhase;
			buildActionMask = 2147483647;
			files = (
				C3540FA51919A2C1005DA151 /* AVFoundation.framework in Frameworks */,
				D715624315BE74C5004FE77B /* libstdc++.dylib in Frameworks */,
				C9BF7F961652CF410090FBD8 /* MediaPlayer.framework in Frameworks */,
				C916E14613B4F4A100D9358D /* AudioToolbox.framework in Frameworks */,
				C342B47918B7CDF7002EBACE /* libMTSCRA.a in Frameworks */,
				C342B47718B7CDEE002EBACE /* libMTSCRA.a in Frameworks */,
				1D60589F0D05DD5A006BFB54 /* Foundation.framework in Frameworks */,
				1DF5F4E00D08C38300B7A737 /* UIKit.framework in Frameworks */,
				288765A50DF7441C002DB57D /* CoreGraphics.framework in Frameworks */,
				C934076A117F8F670082C270 /* ExternalAccessory.framework in Frameworks */,
			);
			runOnlyForDeploymentPostprocessing = 0;
		};
/* End PBXFrameworksBuildPhase section */

/* Begin PBXGroup section */
		080E96DDFE201D6D7F000001 /* Classes */ = {
			isa = PBXGroup;
			children = (
				D7D53CC114D9CA170037B0B0 /* MTSCRA.h */,
				C955FBBE13B4012500A0681F /* MagTekDemoAppDelegate.h */,
				1D3623250D0F684500981E51 /* MagTekDemoAppDelegate.m */,
				28D7ACF60DDB3853001CB0EB /* MagTekDemoViewController.h */,
				28D7ACF70DDB3853001CB0EB /* MagTekDemoViewController.m */,
			);
			path = Classes;
			sourceTree = "<group>";
		};
		19C28FACFE9D520D11CA2CBB /* Products */ = {
			isa = PBXGroup;
			children = (
				1D6058910D05DD3D006BFB54 /* MTDemo.SCRA.app */,
			);
			name = Products;
			sourceTree = "<group>";
		};
		29B97314FDCFA39411CA2CEA /* CustomTemplate */ = {
			isa = PBXGroup;
			children = (
				C3540FA21919A0DF005DA151 /* Default-568h@2x.png */,
				C9025AB01609896D003D3B5F /* Lib */,
				D715624115BE74A3004FE77B /* libstdc++.dylib */,
				080E96DDFE201D6D7F000001 /* Classes */,
				29B97315FDCFA39411CA2CEA /* Other Sources */,
				29B97317FDCFA39411CA2CEA /* Resources */,
				29B97323FDCFA39411CA2CEA /* Frameworks */,
				19C28FACFE9D520D11CA2CBB /* Products */,
				D7938AED125406F1002EED4A /* Entitlements.plist */,
			);
			name = CustomTemplate;
			sourceTree = "<group>";
		};
		29B97315FDCFA39411CA2CEA /* Other Sources */ = {
			isa = PBXGroup;
			children = (
				32CA4F630368D1EE00C91783 /* MagTekDemo_Prefix.pch */,
				29B97316FDCFA39411CA2CEA /* main.m */,
			);
			name = "Other Sources";
			sourceTree = "<group>";
		};
		29B97317FDCFA39411CA2CEA /* Resources */ = {
			isa = PBXGroup;
			children = (
				2899E5210DE3E06400AC0155 /* MagTekDemoViewController.xib */,
				28AD733E0D9D9553002E5188 /* MainWindow.xib */,
				C9340771117F8FC00082C270 /* Default.png */,
				C9340772117F8FC00082C270 /* icon.png */,
				C9340773117F8FC00082C270 /* Magtek2.png */,
				8D1107310486CEB800E47090 /* MagTekDemo-Info.plist */,
			);
			name = Resources;
			sourceTree = "<group>";
		};
		29B97323FDCFA39411CA2CEA /* Frameworks */ = {
			isa = PBXGroup;
			children = (
				C3540FA41919A2C1005DA151 /* AVFoundation.framework */,
				C9BF7F941652CCF80090FBD8 /* MediaPlayer.framework */,
				C955FBAB13B3FBBA00A0681F /* AudioToolbox.framework */,
				1DF5F4DF0D08C38300B7A737 /* UIKit.framework */,
				1D30AB110D05D00D00671497 /* Foundation.framework */,
				288765A40DF7441C002DB57D /* CoreGraphics.framework */,
				C9340769117F8F670082C270 /* ExternalAccessory.framework */,
			);
			name = Frameworks;
			sourceTree = "<group>";
		};
		C9025AB01609896D003D3B5F /* Lib */ = {
			isa = PBXGroup;
			children = (
				C9025AB11609896D003D3B5F /* Release-iphoneos */,
				C9025AB31609896D003D3B5F /* Release-iphonesimulator */,
			);
			path = Lib;
			sourceTree = "<group>";
		};
		C9025AB11609896D003D3B5F /* Release-iphoneos */ = {
			isa = PBXGroup;
			children = (
				C342B47618B7CDEE002EBACE /* libMTSCRA.a */,
			);
			path = "Release-iphoneos";
			sourceTree = "<group>";
		};
		C9025AB31609896D003D3B5F /* Release-iphonesimulator */ = {
			isa = PBXGroup;
			children = (
				C342B47818B7CDF7002EBACE /* libMTSCRA.a */,
			);
			path = "Release-iphonesimulator";
			sourceTree = "<group>";
		};
/* End PBXGroup section */

/* Begin PBXNativeTarget section */
		1D6058900D05DD3D006BFB54 /* MagTekDemo */ = {
			isa = PBXNativeTarget;
			buildConfigurationList = 1D6058960D05DD3E006BFB54 /* Build configuration list for PBXNativeTarget "MagTekDemo" */;
			buildPhases = (
				1D60588D0D05DD3D006BFB54 /* Resources */,
				1D60588E0D05DD3D006BFB54 /* Sources */,
				1D60588F0D05DD3D006BFB54 /* Frameworks */,
			);
			buildRules = (
			);
			dependencies = (
			);
			name = MagTekDemo;
			productName = MagTekDemo;
			productReference = 1D6058910D05DD3D006BFB54 /* MTDemo.SCRA.app */;
			productType = "com.apple.product-type.application";
		};
/* End PBXNativeTarget section */

/* Begin PBXProject section */
		29B97313FDCFA39411CA2CEA /* Project object */ = {
			isa = PBXProject;
			attributes = {
				LastUpgradeCheck = 0510;
			};
			buildConfigurationList = C01FCF4E08A954540054247B /* Build configuration list for PBXProject "MagTekDemo" */;
			compatibilityVersion = "Xcode 3.2";
			developmentRegion = English;
			hasScannedForEncodings = 1;
			knownRegions = (
				English,
				Japanese,
				French,
				German,
			);
			mainGroup = 29B97314FDCFA39411CA2CEA /* CustomTemplate */;
			projectDirPath = "";
			projectRoot = "";
			targets = (
				1D6058900D05DD3D006BFB54 /* MagTekDemo */,
			);
		};
/* End PBXProject section */

/* Begin PBXResourcesBuildPhase section */
		1D60588D0D05DD3D006BFB54 /* Resources */ = {
			isa = PBXResourcesBuildPhase;
			buildActionMask = 2147483647;
			files = (
				28AD733F0D9D9553002E5188 /* MainWindow.xib in Resources */,
				2899E5220DE3E06400AC0155 /* MagTekDemoViewController.xib in Resources */,
				C9340774117F8FC00082C270 /* Default.png in Resources */,
				C9340775117F8FC00082C270 /* icon.png in Resources */,
				C9340776117F8FC00082C270 /* Magtek2.png in Resources */,
				C3540FA31919A0DF005DA151 /* Default-568h@2x.png in Resources */,
				D7938B00125407C3002EED4A /* Entitlements.plist in Resources */,
			);
			runOnlyForDeploymentPostprocessing = 0;
		};
/* End PBXResourcesBuildPhase section */

/* Begin PBXSourcesBuildPhase section */
		1D60588E0D05DD3D006BFB54 /* Sources */ = {
			isa = PBXSourcesBuildPhase;
			buildActionMask = 2147483647;
			files = (
				1D60589B0D05DD56006BFB54 /* main.m in Sources */,
				1D3623260D0F684500981E51 /* MagTekDemoAppDelegate.m in Sources */,
				28D7ACF80DDB3853001CB0EB /* MagTekDemoViewController.m in Sources */,
			);
			runOnlyForDeploymentPostprocessing = 0;
		};
/* End PBXSourcesBuildPhase section */

/* Begin PBXVariantGroup section */
		C955FBBE13B4012500A0681F /* MagTekDemoAppDelegate.h */ = {
			isa = PBXVariantGroup;
			children = (
				C955FBBD13B4012500A0681F /* en */,
			);
			name = MagTekDemoAppDelegate.h;
			sourceTree = "<group>";
		};
/* End PBXVariantGroup section */

/* Begin XCBuildConfiguration section */
		1D6058940D05DD3E006BFB54 /* Debug */ = {
			isa = XCBuildConfiguration;
			buildSettings = {
				ALWAYS_SEARCH_USER_PATHS = NO;
				ARCHS = "$(ARCHS_STANDARD)";
				CLANG_ENABLE_OBJC_ARC = YES;
				CODE_SIGN_ENTITLEMENTS = Entitlements.plist;
				CODE_SIGN_IDENTITY = "iPhone Developer: TAM NGUYEN (979CGUM2F6)";
				"CODE_SIGN_IDENTITY[sdk=iphoneos*]" = "iPhone Developer: TAM NGUYEN (979CGUM2F6)";
				COPY_PHASE_STRIP = NO;
				GCC_DYNAMIC_NO_PIC = NO;
				GCC_OPTIMIZATION_LEVEL = 0;
				GCC_PRECOMPILE_PREFIX_HEADER = YES;
				GCC_PREFIX_HEADER = MagTekDemo_Prefix.pch;
				GCC_THUMB_SUPPORT = NO;
				INFOPLIST_FILE = "MagTekDemo-Info.plist";
				IPHONEOS_DEPLOYMENT_TARGET = 5.1.1;
				LIBRARY_SEARCH_PATHS = "$(inherited)";
				"LIBRARY_SEARCH_PATHS[sdk=iphoneos*]" = (
					"$(inherited)",
					"$(PROJECT_DIR)/Lib/Release-iphoneos",
				);
				"LIBRARY_SEARCH_PATHS[sdk=iphonesimulator*]" = (
					"$(inherited)",
					"$(PROJECT_DIR)/Lib/Release-iphonesimulator",
				);
				ONLY_ACTIVE_ARCH = NO;
				PRODUCT_NAME = MTDemo.SCRA;
				PROVISIONING_PROFILE = "ff52451b-31a7-4e82-98cd-a08352298b12";
				"PROVISIONING_PROFILE[sdk=iphoneos*]" = "ff52451b-31a7-4e82-98cd-a08352298b12";
				SDKROOT = iphoneos;
				STRIPFLAGS = "";
				STRIP_INSTALLED_PRODUCT = NO;
				TARGETED_DEVICE_FAMILY = 1;
				VALID_ARCHS = "armv6 armv7s arm64 armv7";
			};
			name = Debug;
		};
		1D6058950D05DD3E006BFB54 /* Release */ = {
			isa = XCBuildConfiguration;
			buildSettings = {
				ALWAYS_SEARCH_USER_PATHS = NO;
				ARCHS = "$(ARCHS_STANDARD)";
				CLANG_ENABLE_OBJC_ARC = YES;
				CODE_SIGN_ENTITLEMENTS = Entitlements.plist;
				CODE_SIGN_IDENTITY = "iPhone Developer: TAM NGUYEN (979CGUM2F6)";
				"CODE_SIGN_IDENTITY[sdk=iphoneos*]" = "iPhone Developer: TAM NGUYEN (979CGUM2F6)";
				COPY_PHASE_STRIP = YES;
				DEPLOYMENT_POSTPROCESSING = YES;
				GCC_PRECOMPILE_PREFIX_HEADER = YES;
				GCC_PREFIX_HEADER = MagTekDemo_Prefix.pch;
				GCC_THUMB_SUPPORT = NO;
				INFOPLIST_FILE = "MagTekDemo-Info.plist";
				IPHONEOS_DEPLOYMENT_TARGET = 5.1.1;
				LIBRARY_SEARCH_PATHS = "$(inherited)";
				"LIBRARY_SEARCH_PATHS[sdk=iphoneos*]" = (
					"$(inherited)",
					"$(PROJECT_DIR)/Lib/Release-iphoneos",
				);
				"LIBRARY_SEARCH_PATHS[sdk=iphonesimulator*]" = (
					"$(inherited)",
					"$(PROJECT_DIR)/Lib/Release-iphonesimulator",
				);
				ONLY_ACTIVE_ARCH = NO;
				PRODUCT_NAME = MTDemo.SCRA;
				PROVISIONING_PROFILE = "c35cb340-e2ef-4d27-b3cc-aabe751f5755";
				"PROVISIONING_PROFILE[sdk=iphoneos*]" = "";
				SDKROOT = iphoneos;
				SEPARATE_STRIP = YES;
				STRIPFLAGS = "\"-S -x\"";
				TARGETED_DEVICE_FAMILY = 1;
				VALIDATE_PRODUCT = YES;
				VALID_ARCHS = "armv6 armv7s arm64 armv7";
			};
			name = Release;
		};
		C01FCF4F08A954540054247B /* Debug */ = {
			isa = XCBuildConfiguration;
			buildSettings = {
				CODE_SIGN_ENTITLEMENTS = Entitlements.plist;
				CODE_SIGN_IDENTITY = "";
				"CODE_SIGN_IDENTITY[sdk=iphoneos*]" = "iPhone Developer";
				GCC_C_LANGUAGE_STANDARD = c99;
				GCC_THUMB_SUPPORT = NO;
				GCC_WARN_ABOUT_RETURN_TYPE = YES;
				GCC_WARN_UNUSED_VARIABLE = YES;
				IPHONEOS_DEPLOYMENT_TARGET = 3.2;
				ONLY_ACTIVE_ARCH = YES;
				"PROVISIONING_PROFILE[sdk=iphoneos*]" = "";
				SDKROOT = iphoneos;
			};
			name = Debug;
		};
		C01FCF5008A954540054247B /* Release */ = {
			isa = XCBuildConfiguration;
			buildSettings = {
				CODE_SIGN_ENTITLEMENTS = Entitlements.plist;
				CODE_SIGN_IDENTITY = "";
				"CODE_SIGN_IDENTITY[sdk=iphoneos*]" = "iPhone Distribution";
				GCC_C_LANGUAGE_STANDARD = c99;
				GCC_THUMB_SUPPORT = NO;
				GCC_WARN_ABOUT_RETURN_TYPE = YES;
				GCC_WARN_UNUSED_VARIABLE = YES;
				IPHONEOS_DEPLOYMENT_TARGET = 3.2;
				OTHER_CFLAGS = "-DNS_BLOCK_ASSERTIONS=1";
				"PROVISIONING_PROFILE[sdk=iphoneos*]" = "";
				SDKROOT = iphoneos;
			};
			name = Release;
		};
/* End XCBuildConfiguration section */

/* Begin XCConfigurationList section */
		1D6058960D05DD3E006BFB54 /* Build configuration list for PBXNativeTarget "MagTekDemo" */ = {
			isa = XCConfigurationList;
			buildConfigurations = (
				1D6058940D05DD3E006BFB54 /* Debug */,
				1D6058950D05DD3E006BFB54 /* Release */,
			);
			defaultConfigurationIsVisible = 0;
			defaultConfigurationName = Release;
		};
		C01FCF4E08A954540054247B /* Build configuration list for PBXProject "MagTekDemo" */ = {
			isa = XCConfigurationList;
			buildConfigurations = (
				C01FCF4F08A954540054247B /* Debug */,
				C01FCF5008A954540054247B /* Release */,
			);
			defaultConfigurationIsVisible = 0;
			defaultConfigurationName = Release;
		};
/* End XCConfigurationList section */
	};
	rootObject = 29B97313FDCFA39411CA2CEA /* Project object */;
}
